// !$*UTF8*$!
{
	archiveVersion = 1;
	classes = {
	};
	objectVersion = 50;
	objects = {

/* Begin PBXBuildFile section */
		20BEE8E4E96BAF54B652D00C /* Pods_Todo.framework in Frameworks */ = {isa = PBXBuildFile; fileRef = F97C18594B2CAF9BC2F98A9E /* Pods_Todo.framework */; };
		3D28FD822182F2A9004523F9 /* AppDelegate.swift in Sources */ = {isa = PBXBuildFile; fileRef = 3D28FD812182F2A9004523F9 /* AppDelegate.swift */; };
		3D28FD872182F2A9004523F9 /* Main.storyboard in Resources */ = {isa = PBXBuildFile; fileRef = 3D28FD852182F2A9004523F9 /* Main.storyboard */; };
		3D28FD892182F2AA004523F9 /* Assets.xcassets in Resources */ = {isa = PBXBuildFile; fileRef = 3D28FD882182F2AA004523F9 /* Assets.xcassets */; };
		3D28FD8C2182F2AB004523F9 /* LaunchScreen.storyboard in Resources */ = {isa = PBXBuildFile; fileRef = 3D28FD8A2182F2AB004523F9 /* LaunchScreen.storyboard */; };
		3D28FD972182F2AB004523F9 /* TodoTests.swift in Sources */ = {isa = PBXBuildFile; fileRef = 3D28FD962182F2AB004523F9 /* TodoTests.swift */; };
		3D28FDA22182F2AB004523F9 /* TodoUITests.swift in Sources */ = {isa = PBXBuildFile; fileRef = 3D28FDA12182F2AB004523F9 /* TodoUITests.swift */; };
		3DBE967A2182F7A700370AA9 /* Module.swift in Sources */ = {isa = PBXBuildFile; fileRef = 3DBE96792182F7A700370AA9 /* Module.swift */; };
		3DBE967D218301EF00370AA9 /* Todo.swift in Sources */ = {isa = PBXBuildFile; fileRef = 3DBE967C218301EF00370AA9 /* Todo.swift */; };
		3DBE967F2183020400370AA9 /* State.swift in Sources */ = {isa = PBXBuildFile; fileRef = 3DBE967E2183020400370AA9 /* State.swift */; };
		3DBE96822183118600370AA9 /* TodoViewModel.swift in Sources */ = {isa = PBXBuildFile; fileRef = 3DBE96812183118600370AA9 /* TodoViewModel.swift */; };
		3DBE9685218311AE00370AA9 /* TodoModel.swift in Sources */ = {isa = PBXBuildFile; fileRef = 3DBE9684218311AE00370AA9 /* TodoModel.swift */; };
		3DBE96892183140F00370AA9 /* TodoViewController.swift in Sources */ = {isa = PBXBuildFile; fileRef = 3DBE96882183140F00370AA9 /* TodoViewController.swift */; };
		3DBE968D2183454A00370AA9 /* LocalStorageRepository.swift in Sources */ = {isa = PBXBuildFile; fileRef = 3DBE968C2183454A00370AA9 /* LocalStorageRepository.swift */; };
		3DBE968F2183460000370AA9 /* LocalStorageRepositoryImp.swift in Sources */ = {isa = PBXBuildFile; fileRef = 3DBE968E2183460000370AA9 /* LocalStorageRepositoryImp.swift */; };
		3DDDB43F218456B60007D336 /* FileRepository.swift in Sources */ = {isa = PBXBuildFile; fileRef = 3DDDB43E218456B60007D336 /* FileRepository.swift */; };
		3DDDB441218457290007D336 /* FileRepositoryImp.swift in Sources */ = {isa = PBXBuildFile; fileRef = 3DDDB440218457290007D336 /* FileRepositoryImp.swift */; };
		3DDDB443218458770007D336 /* Display.swift in Sources */ = {isa = PBXBuildFile; fileRef = 3DDDB442218458770007D336 /* Display.swift */; };
		3DDDB44521845E460007D336 /* CreateIntent.swift in Sources */ = {isa = PBXBuildFile; fileRef = 3DDDB44421845E460007D336 /* CreateIntent.swift */; };
		3DDDB448218464100007D336 /* CreateEvent.swift in Sources */ = {isa = PBXBuildFile; fileRef = 3DDDB447218464100007D336 /* CreateEvent.swift */; };
		3DDDB44A218466600007D336 /* LoadIntent.swift in Sources */ = {isa = PBXBuildFile; fileRef = 3DDDB449218466600007D336 /* LoadIntent.swift */; };
		3DDDB44C218467A10007D336 /* LoadEvent.swift in Sources */ = {isa = PBXBuildFile; fileRef = 3DDDB44B218467A10007D336 /* LoadEvent.swift */; };
		3DDDB44E21847BF10007D336 /* UpdateIntent.swift in Sources */ = {isa = PBXBuildFile; fileRef = 3DDDB44D21847BF10007D336 /* UpdateIntent.swift */; };
		3DDDB45021847D9E0007D336 /* UpateEvent.swift in Sources */ = {isa = PBXBuildFile; fileRef = 3DDDB44F21847D9E0007D336 /* UpateEvent.swift */; };
		3DDDB45321847E920007D336 /* DeleteIntent.swift in Sources */ = {isa = PBXBuildFile; fileRef = 3DDDB45221847E920007D336 /* DeleteIntent.swift */; };
		3DDDB455218480CE0007D336 /* DeleteEvent.swift in Sources */ = {isa = PBXBuildFile; fileRef = 3DDDB454218480CE0007D336 /* DeleteEvent.swift */; };
		3DDDB459218486F20007D336 /* TodoCell.swift in Sources */ = {isa = PBXBuildFile; fileRef = 3DDDB458218486F20007D336 /* TodoCell.swift */; };
		3DDDB45B2184871D0007D336 /* TodoCell.xib in Resources */ = {isa = PBXBuildFile; fileRef = 3DDDB45A2184871D0007D336 /* TodoCell.xib */; };
		3DDDB45E21848BF70007D336 /* UIRadioButton.swift in Sources */ = {isa = PBXBuildFile; fileRef = 3DDDB45D21848BF70007D336 /* UIRadioButton.swift */; };
		3DDDB4602184925F0007D336 /* TodoDataSource.swift in Sources */ = {isa = PBXBuildFile; fileRef = 3DDDB45F2184925F0007D336 /* TodoDataSource.swift */; };
		3DDDB4622184956F0007D336 /* StateChangedEvent.swift in Sources */ = {isa = PBXBuildFile; fileRef = 3DDDB4612184956F0007D336 /* StateChangedEvent.swift */; };
		7F4D0F0B17ED4AF8DA579994 /* Pods_TodoUITests.framework in Frameworks */ = {isa = PBXBuildFile; fileRef = 721DFC5BDC7B38C964FB1814 /* Pods_TodoUITests.framework */; };
		CF5797518391346D172E5829 /* Pods_TodoTests.framework in Frameworks */ = {isa = PBXBuildFile; fileRef = 65A56E7CC5978EBD83614FF5 /* Pods_TodoTests.framework */; };
/* End PBXBuildFile section */

/* Begin PBXContainerItemProxy section */
		3D28FD932182F2AB004523F9 /* PBXContainerItemProxy */ = {
			isa = PBXContainerItemProxy;
			containerPortal = 3D28FD762182F2A9004523F9 /* Project object */;
			proxyType = 1;
			remoteGlobalIDString = 3D28FD7D2182F2A9004523F9;
			remoteInfo = Todo;
		};
		3D28FD9E2182F2AB004523F9 /* PBXContainerItemProxy */ = {
			isa = PBXContainerItemProxy;
			containerPortal = 3D28FD762182F2A9004523F9 /* Project object */;
			proxyType = 1;
			remoteGlobalIDString = 3D28FD7D2182F2A9004523F9;
			remoteInfo = Todo;
		};
/* End PBXContainerItemProxy section */

/* Begin PBXFileReference section */
		0656FC07EE5E02557B59A930 /* Pods-TodoUITests.release.xcconfig */ = {isa = PBXFileReference; includeInIndex = 1; lastKnownFileType = text.xcconfig; name = "Pods-TodoUITests.release.xcconfig"; path = "Pods/Target Support Files/Pods-TodoUITests/Pods-TodoUITests.release.xcconfig"; sourceTree = "<group>"; };
		3D28FD7E2182F2A9004523F9 /* Todo.app */ = {isa = PBXFileReference; explicitFileType = wrapper.application; includeInIndex = 0; path = Todo.app; sourceTree = BUILT_PRODUCTS_DIR; };
		3D28FD812182F2A9004523F9 /* AppDelegate.swift */ = {isa = PBXFileReference; lastKnownFileType = sourcecode.swift; path = AppDelegate.swift; sourceTree = "<group>"; };
		3D28FD862182F2A9004523F9 /* Base */ = {isa = PBXFileReference; lastKnownFileType = file.storyboard; name = Base; path = Base.lproj/Main.storyboard; sourceTree = "<group>"; };
		3D28FD882182F2AA004523F9 /* Assets.xcassets */ = {isa = PBXFileReference; lastKnownFileType = folder.assetcatalog; path = Assets.xcassets; sourceTree = "<group>"; };
		3D28FD8B2182F2AB004523F9 /* Base */ = {isa = PBXFileReference; lastKnownFileType = file.storyboard; name = Base; path = Base.lproj/LaunchScreen.storyboard; sourceTree = "<group>"; };
		3D28FD8D2182F2AB004523F9 /* Info.plist */ = {isa = PBXFileReference; lastKnownFileType = text.plist.xml; path = Info.plist; sourceTree = "<group>"; };
		3D28FD922182F2AB004523F9 /* TodoTests.xctest */ = {isa = PBXFileReference; explicitFileType = wrapper.cfbundle; includeInIndex = 0; path = TodoTests.xctest; sourceTree = BUILT_PRODUCTS_DIR; };
		3D28FD962182F2AB004523F9 /* TodoTests.swift */ = {isa = PBXFileReference; lastKnownFileType = sourcecode.swift; path = TodoTests.swift; sourceTree = "<group>"; };
		3D28FD982182F2AB004523F9 /* Info.plist */ = {isa = PBXFileReference; lastKnownFileType = text.plist.xml; path = Info.plist; sourceTree = "<group>"; };
		3D28FD9D2182F2AB004523F9 /* TodoUITests.xctest */ = {isa = PBXFileReference; explicitFileType = wrapper.cfbundle; includeInIndex = 0; path = TodoUITests.xctest; sourceTree = BUILT_PRODUCTS_DIR; };
		3D28FDA12182F2AB004523F9 /* TodoUITests.swift */ = {isa = PBXFileReference; lastKnownFileType = sourcecode.swift; path = TodoUITests.swift; sourceTree = "<group>"; };
		3D28FDA32182F2AB004523F9 /* Info.plist */ = {isa = PBXFileReference; lastKnownFileType = text.plist.xml; path = Info.plist; sourceTree = "<group>"; };
		3DBE96792182F7A700370AA9 /* Module.swift */ = {isa = PBXFileReference; lastKnownFileType = sourcecode.swift; path = Module.swift; sourceTree = "<group>"; };
		3DBE967C218301EF00370AA9 /* Todo.swift */ = {isa = PBXFileReference; lastKnownFileType = sourcecode.swift; path = Todo.swift; sourceTree = "<group>"; };
		3DBE967E2183020400370AA9 /* State.swift */ = {isa = PBXFileReference; lastKnownFileType = sourcecode.swift; path = State.swift; sourceTree = "<group>"; };
		3DBE96812183118600370AA9 /* TodoViewModel.swift */ = {isa = PBXFileReference; lastKnownFileType = sourcecode.swift; path = TodoViewModel.swift; sourceTree = "<group>"; };
		3DBE9684218311AE00370AA9 /* TodoModel.swift */ = {isa = PBXFileReference; lastKnownFileType = sourcecode.swift; path = TodoModel.swift; sourceTree = "<group>"; };
		3DBE96882183140F00370AA9 /* TodoViewController.swift */ = {isa = PBXFileReference; lastKnownFileType = sourcecode.swift; path = TodoViewController.swift; sourceTree = "<group>"; };
		3DBE968C2183454A00370AA9 /* LocalStorageRepository.swift */ = {isa = PBXFileReference; lastKnownFileType = sourcecode.swift; path = LocalStorageRepository.swift; sourceTree = "<group>"; };
		3DBE968E2183460000370AA9 /* LocalStorageRepositoryImp.swift */ = {isa = PBXFileReference; lastKnownFileType = sourcecode.swift; path = LocalStorageRepositoryImp.swift; sourceTree = "<group>"; };
		3DDDB43E218456B60007D336 /* FileRepository.swift */ = {isa = PBXFileReference; lastKnownFileType = sourcecode.swift; path = FileRepository.swift; sourceTree = "<group>"; };
		3DDDB440218457290007D336 /* FileRepositoryImp.swift */ = {isa = PBXFileReference; lastKnownFileType = sourcecode.swift; path = FileRepositoryImp.swift; sourceTree = "<group>"; };
		3DDDB442218458770007D336 /* Display.swift */ = {isa = PBXFileReference; lastKnownFileType = sourcecode.swift; path = Display.swift; sourceTree = "<group>"; };
		3DDDB44421845E460007D336 /* CreateIntent.swift */ = {isa = PBXFileReference; lastKnownFileType = sourcecode.swift; name = CreateIntent.swift; path = Todo/Intent/CreateIntent.swift; sourceTree = SOURCE_ROOT; };
		3DDDB447218464100007D336 /* CreateEvent.swift */ = {isa = PBXFileReference; lastKnownFileType = sourcecode.swift; path = CreateEvent.swift; sourceTree = "<group>"; };
		3DDDB449218466600007D336 /* LoadIntent.swift */ = {isa = PBXFileReference; lastKnownFileType = sourcecode.swift; name = LoadIntent.swift; path = Todo/Intent/LoadIntent.swift; sourceTree = SOURCE_ROOT; };
		3DDDB44B218467A10007D336 /* LoadEvent.swift */ = {isa = PBXFileReference; lastKnownFileType = sourcecode.swift; path = LoadEvent.swift; sourceTree = "<group>"; };
		3DDDB44D21847BF10007D336 /* UpdateIntent.swift */ = {isa = PBXFileReference; lastKnownFileType = sourcecode.swift; name = UpdateIntent.swift; path = Todo/Intent/UpdateIntent.swift; sourceTree = SOURCE_ROOT; };
		3DDDB44F21847D9E0007D336 /* UpateEvent.swift */ = {isa = PBXFileReference; lastKnownFileType = sourcecode.swift; path = UpateEvent.swift; sourceTree = "<group>"; };
		3DDDB45221847E920007D336 /* DeleteIntent.swift */ = {isa = PBXFileReference; lastKnownFileType = sourcecode.swift; path = DeleteIntent.swift; sourceTree = "<group>"; };
		3DDDB454218480CE0007D336 /* DeleteEvent.swift */ = {isa = PBXFileReference; lastKnownFileType = sourcecode.swift; path = DeleteEvent.swift; sourceTree = "<group>"; };
		3DDDB458218486F20007D336 /* TodoCell.swift */ = {isa = PBXFileReference; lastKnownFileType = sourcecode.swift; path = TodoCell.swift; sourceTree = "<group>"; };
		3DDDB45A2184871D0007D336 /* TodoCell.xib */ = {isa = PBXFileReference; lastKnownFileType = file.xib; path = TodoCell.xib; sourceTree = "<group>"; };
		3DDDB45D21848BF70007D336 /* UIRadioButton.swift */ = {isa = PBXFileReference; lastKnownFileType = sourcecode.swift; path = UIRadioButton.swift; sourceTree = "<group>"; };
		3DDDB45F2184925F0007D336 /* TodoDataSource.swift */ = {isa = PBXFileReference; lastKnownFileType = sourcecode.swift; path = TodoDataSource.swift; sourceTree = "<group>"; };
		3DDDB4612184956F0007D336 /* StateChangedEvent.swift */ = {isa = PBXFileReference; lastKnownFileType = sourcecode.swift; path = StateChangedEvent.swift; sourceTree = "<group>"; };
		64C6221BDD701D11A6876969 /* Pods-Todo.release.xcconfig */ = {isa = PBXFileReference; includeInIndex = 1; lastKnownFileType = text.xcconfig; name = "Pods-Todo.release.xcconfig"; path = "Pods/Target Support Files/Pods-Todo/Pods-Todo.release.xcconfig"; sourceTree = "<group>"; };
		65A56E7CC5978EBD83614FF5 /* Pods_TodoTests.framework */ = {isa = PBXFileReference; explicitFileType = wrapper.framework; includeInIndex = 0; path = Pods_TodoTests.framework; sourceTree = BUILT_PRODUCTS_DIR; };
		68714BDDA778F73875D3E60F /* Pods-Todo.debug.xcconfig */ = {isa = PBXFileReference; includeInIndex = 1; lastKnownFileType = text.xcconfig; name = "Pods-Todo.debug.xcconfig"; path = "Pods/Target Support Files/Pods-Todo/Pods-Todo.debug.xcconfig"; sourceTree = "<group>"; };
		721DFC5BDC7B38C964FB1814 /* Pods_TodoUITests.framework */ = {isa = PBXFileReference; explicitFileType = wrapper.framework; includeInIndex = 0; path = Pods_TodoUITests.framework; sourceTree = BUILT_PRODUCTS_DIR; };
		7C6447762725446C6055119E /* Pods-TodoTests.debug.xcconfig */ = {isa = PBXFileReference; includeInIndex = 1; lastKnownFileType = text.xcconfig; name = "Pods-TodoTests.debug.xcconfig"; path = "Pods/Target Support Files/Pods-TodoTests/Pods-TodoTests.debug.xcconfig"; sourceTree = "<group>"; };
		BFDD9085F9EB51C91F3393B2 /* Pods-TodoUITests.debug.xcconfig */ = {isa = PBXFileReference; includeInIndex = 1; lastKnownFileType = text.xcconfig; name = "Pods-TodoUITests.debug.xcconfig"; path = "Pods/Target Support Files/Pods-TodoUITests/Pods-TodoUITests.debug.xcconfig"; sourceTree = "<group>"; };
		F97C18594B2CAF9BC2F98A9E /* Pods_Todo.framework */ = {isa = PBXFileReference; explicitFileType = wrapper.framework; includeInIndex = 0; path = Pods_Todo.framework; sourceTree = BUILT_PRODUCTS_DIR; };
		FE0BB907C142B9F519EE6B96 /* Pods-TodoTests.release.xcconfig */ = {isa = PBXFileReference; includeInIndex = 1; lastKnownFileType = text.xcconfig; name = "Pods-TodoTests.release.xcconfig"; path = "Pods/Target Support Files/Pods-TodoTests/Pods-TodoTests.release.xcconfig"; sourceTree = "<group>"; };
/* End PBXFileReference section */

/* Begin PBXFrameworksBuildPhase section */
		3D28FD7B2182F2A9004523F9 /* Frameworks */ = {
			isa = PBXFrameworksBuildPhase;
			buildActionMask = 2147483647;
			files = (
				20BEE8E4E96BAF54B652D00C /* Pods_Todo.framework in Frameworks */,
			);
			runOnlyForDeploymentPostprocessing = 0;
		};
		3D28FD8F2182F2AB004523F9 /* Frameworks */ = {
			isa = PBXFrameworksBuildPhase;
			buildActionMask = 2147483647;
			files = (
				CF5797518391346D172E5829 /* Pods_TodoTests.framework in Frameworks */,
			);
			runOnlyForDeploymentPostprocessing = 0;
		};
		3D28FD9A2182F2AB004523F9 /* Frameworks */ = {
			isa = PBXFrameworksBuildPhase;
			buildActionMask = 2147483647;
			files = (
				7F4D0F0B17ED4AF8DA579994 /* Pods_TodoUITests.framework in Frameworks */,
			);
			runOnlyForDeploymentPostprocessing = 0;
		};
/* End PBXFrameworksBuildPhase section */

/* Begin PBXGroup section */
		0043A3F387A48A3CFE657A23 /* Pods */ = {
			isa = PBXGroup;
			children = (
				68714BDDA778F73875D3E60F /* Pods-Todo.debug.xcconfig */,
				64C6221BDD701D11A6876969 /* Pods-Todo.release.xcconfig */,
				7C6447762725446C6055119E /* Pods-TodoTests.debug.xcconfig */,
				FE0BB907C142B9F519EE6B96 /* Pods-TodoTests.release.xcconfig */,
				BFDD9085F9EB51C91F3393B2 /* Pods-TodoUITests.debug.xcconfig */,
				0656FC07EE5E02557B59A930 /* Pods-TodoUITests.release.xcconfig */,
			);
			name = Pods;
			sourceTree = "<group>";
		};
		3D28FD752182F2A9004523F9 = {
			isa = PBXGroup;
			children = (
				3D28FD802182F2A9004523F9 /* Todo */,
				3D28FD952182F2AB004523F9 /* TodoTests */,
				3D28FDA02182F2AB004523F9 /* TodoUITests */,
				3D28FD7F2182F2A9004523F9 /* Products */,
				0043A3F387A48A3CFE657A23 /* Pods */,
				CECB512491E9ABADB60F280D /* Frameworks */,
			);
			sourceTree = "<group>";
		};
		3D28FD7F2182F2A9004523F9 /* Products */ = {
			isa = PBXGroup;
			children = (
				3D28FD7E2182F2A9004523F9 /* Todo.app */,
				3D28FD922182F2AB004523F9 /* TodoTests.xctest */,
				3D28FD9D2182F2AB004523F9 /* TodoUITests.xctest */,
			);
			name = Products;
			sourceTree = "<group>";
		};
		3D28FD802182F2A9004523F9 /* Todo */ = {
			isa = PBXGroup;
			children = (
				3DDDB45C218488B40007D336 /* Widget */,
				3DDDB45121847E6F0007D336 /* Intent */,
				3DDDB446218463FE0007D336 /* Event */,
				3DBE968B2183453A00370AA9 /* Repo */,
				3DBE9687218313FE00370AA9 /* View */,
				3DBE9686218313DA00370AA9 /* ViewModel */,
				3DBE967B2182FF5F00370AA9 /* Model */,
				3D28FD8D2182F2AB004523F9 /* Info.plist */,
				3DBE96772182F79200370AA9 /* Common */,
				3DBE96762182F4B400370AA9 /* SupportingFiles */,
				3D28FD812182F2A9004523F9 /* AppDelegate.swift */,
			);
			path = Todo;
			sourceTree = "<group>";
		};
		3D28FD952182F2AB004523F9 /* TodoTests */ = {
			isa = PBXGroup;
			children = (
				3D28FD962182F2AB004523F9 /* TodoTests.swift */,
				3D28FD982182F2AB004523F9 /* Info.plist */,
			);
			path = TodoTests;
			sourceTree = "<group>";
		};
		3D28FDA02182F2AB004523F9 /* TodoUITests */ = {
			isa = PBXGroup;
			children = (
				3D28FDA12182F2AB004523F9 /* TodoUITests.swift */,
				3D28FDA32182F2AB004523F9 /* Info.plist */,
			);
			path = TodoUITests;
			sourceTree = "<group>";
		};
		3DBE96762182F4B400370AA9 /* SupportingFiles */ = {
			isa = PBXGroup;
			children = (
				3D28FD852182F2A9004523F9 /* Main.storyboard */,
				3D28FD882182F2AA004523F9 /* Assets.xcassets */,
				3D28FD8A2182F2AB004523F9 /* LaunchScreen.storyboard */,
				3DDDB45A2184871D0007D336 /* TodoCell.xib */,
			);
			path = SupportingFiles;
			sourceTree = "<group>";
		};
		3DBE96772182F79200370AA9 /* Common */ = {
			isa = PBXGroup;
			children = (
				3DBE96792182F7A700370AA9 /* Module.swift */,
			);
			path = Common;
			sourceTree = "<group>";
		};
		3DBE967B2182FF5F00370AA9 /* Model */ = {
			isa = PBXGroup;
			children = (
				3DBE9684218311AE00370AA9 /* TodoModel.swift */,
				3DBE968021830A0A00370AA9 /* Entity */,
			);
			path = Model;
			sourceTree = "<group>";
		};
		3DBE968021830A0A00370AA9 /* Entity */ = {
			isa = PBXGroup;
			children = (
				3DBE967E2183020400370AA9 /* State.swift */,
				3DBE967C218301EF00370AA9 /* Todo.swift */,
				3DDDB442218458770007D336 /* Display.swift */,
			);
			path = Entity;
			sourceTree = "<group>";
		};
		3DBE9686218313DA00370AA9 /* ViewModel */ = {
			isa = PBXGroup;
			children = (
				3DBE96812183118600370AA9 /* TodoViewModel.swift */,
			);
			path = ViewModel;
			sourceTree = "<group>";
		};
		3DBE9687218313FE00370AA9 /* View */ = {
			isa = PBXGroup;
			children = (
				3DDDB457218486DC0007D336 /* DataSource */,
				3DDDB456218486D10007D336 /* Cell */,
				3DBE96882183140F00370AA9 /* TodoViewController.swift */,
			);
			path = View;
			sourceTree = "<group>";
		};
		3DBE968B2183453A00370AA9 /* Repo */ = {
			isa = PBXGroup;
			children = (
				3DBE968C2183454A00370AA9 /* LocalStorageRepository.swift */,
				3DBE968E2183460000370AA9 /* LocalStorageRepositoryImp.swift */,
				3DDDB43E218456B60007D336 /* FileRepository.swift */,
				3DDDB440218457290007D336 /* FileRepositoryImp.swift */,
			);
			path = Repo;
			sourceTree = "<group>";
		};
		3DDDB446218463FE0007D336 /* Event */ = {
			isa = PBXGroup;
			children = (
				3DDDB447218464100007D336 /* CreateEvent.swift */,
				3DDDB44B218467A10007D336 /* LoadEvent.swift */,
				3DDDB44F21847D9E0007D336 /* UpateEvent.swift */,
				3DDDB454218480CE0007D336 /* DeleteEvent.swift */,
				3DDDB4612184956F0007D336 /* StateChangedEvent.swift */,
			);
			path = Event;
			sourceTree = "<group>";
		};
		3DDDB45121847E6F0007D336 /* Intent */ = {
			isa = PBXGroup;
			children = (
				3DDDB44421845E460007D336 /* CreateIntent.swift */,
				3DDDB449218466600007D336 /* LoadIntent.swift */,
				3DDDB44D21847BF10007D336 /* UpdateIntent.swift */,
				3DDDB45221847E920007D336 /* DeleteIntent.swift */,
			);
			path = Intent;
			sourceTree = "<group>";
		};
		3DDDB456218486D10007D336 /* Cell */ = {
			isa = PBXGroup;
			children = (
				3DDDB458218486F20007D336 /* TodoCell.swift */,
			);
			path = Cell;
			sourceTree = "<group>";
		};
		3DDDB457218486DC0007D336 /* DataSource */ = {
			isa = PBXGroup;
			children = (
				3DDDB45F2184925F0007D336 /* TodoDataSource.swift */,
			);
			path = DataSource;
			sourceTree = "<group>";
		};
		3DDDB45C218488B40007D336 /* Widget */ = {
			isa = PBXGroup;
			children = (
				3DDDB45D21848BF70007D336 /* UIRadioButton.swift */,
			);
			path = Widget;
			sourceTree = "<group>";
		};
		CECB512491E9ABADB60F280D /* Frameworks */ = {
			isa = PBXGroup;
			children = (
				F97C18594B2CAF9BC2F98A9E /* Pods_Todo.framework */,
				65A56E7CC5978EBD83614FF5 /* Pods_TodoTests.framework */,
				721DFC5BDC7B38C964FB1814 /* Pods_TodoUITests.framework */,
			);
			name = Frameworks;
			sourceTree = "<group>";
		};
/* End PBXGroup section */

/* Begin PBXNativeTarget section */
		3D28FD7D2182F2A9004523F9 /* Todo */ = {
			isa = PBXNativeTarget;
			buildConfigurationList = 3D28FDA62182F2AB004523F9 /* Build configuration list for PBXNativeTarget "Todo" */;
			buildPhases = (
				D6176C6C1015005E452E71A1 /* [CP] Check Pods Manifest.lock */,
				3D28FD7A2182F2A9004523F9 /* Sources */,
				3D28FD7B2182F2A9004523F9 /* Frameworks */,
				3D28FD7C2182F2A9004523F9 /* Resources */,
				690A9857ACEF73530E8E53C6 /* [CP] Embed Pods Frameworks */,
			);
			buildRules = (
			);
			dependencies = (
			);
			name = Todo;
			productName = Todo;
			productReference = 3D28FD7E2182F2A9004523F9 /* Todo.app */;
			productType = "com.apple.product-type.application";
		};
		3D28FD912182F2AB004523F9 /* TodoTests */ = {
			isa = PBXNativeTarget;
			buildConfigurationList = 3D28FDA92182F2AB004523F9 /* Build configuration list for PBXNativeTarget "TodoTests" */;
			buildPhases = (
				C615309CC6432DC83B99B7D8 /* [CP] Check Pods Manifest.lock */,
				3D28FD8E2182F2AB004523F9 /* Sources */,
				3D28FD8F2182F2AB004523F9 /* Frameworks */,
				3D28FD902182F2AB004523F9 /* Resources */,
			);
			buildRules = (
			);
			dependencies = (
				3D28FD942182F2AB004523F9 /* PBXTargetDependency */,
			);
			name = TodoTests;
			productName = TodoTests;
			productReference = 3D28FD922182F2AB004523F9 /* TodoTests.xctest */;
			productType = "com.apple.product-type.bundle.unit-test";
		};
		3D28FD9C2182F2AB004523F9 /* TodoUITests */ = {
			isa = PBXNativeTarget;
			buildConfigurationList = 3D28FDAC2182F2AB004523F9 /* Build configuration list for PBXNativeTarget "TodoUITests" */;
			buildPhases = (
				DFC3892B26F1050BC05CFA1E /* [CP] Check Pods Manifest.lock */,
				3D28FD992182F2AB004523F9 /* Sources */,
				3D28FD9A2182F2AB004523F9 /* Frameworks */,
				3D28FD9B2182F2AB004523F9 /* Resources */,
			);
			buildRules = (
			);
			dependencies = (
				3D28FD9F2182F2AB004523F9 /* PBXTargetDependency */,
			);
			name = TodoUITests;
			productName = TodoUITests;
			productReference = 3D28FD9D2182F2AB004523F9 /* TodoUITests.xctest */;
			productType = "com.apple.product-type.bundle.ui-testing";
		};
/* End PBXNativeTarget section */

/* Begin PBXProject section */
		3D28FD762182F2A9004523F9 /* Project object */ = {
			isa = PBXProject;
			attributes = {
				LastSwiftUpdateCheck = 1000;
				LastUpgradeCheck = 1000;
				ORGANIZATIONNAME = "Fatih Şen";
				TargetAttributes = {
					3D28FD7D2182F2A9004523F9 = {
						CreatedOnToolsVersion = 10.0;
					};
					3D28FD912182F2AB004523F9 = {
						CreatedOnToolsVersion = 10.0;
						TestTargetID = 3D28FD7D2182F2A9004523F9;
					};
					3D28FD9C2182F2AB004523F9 = {
						CreatedOnToolsVersion = 10.0;
						TestTargetID = 3D28FD7D2182F2A9004523F9;
					};
				};
			};
			buildConfigurationList = 3D28FD792182F2A9004523F9 /* Build configuration list for PBXProject "Todo" */;
			compatibilityVersion = "Xcode 9.3";
			developmentRegion = en;
			hasScannedForEncodings = 0;
			knownRegions = (
				en,
				Base,
			);
			mainGroup = 3D28FD752182F2A9004523F9;
			productRefGroup = 3D28FD7F2182F2A9004523F9 /* Products */;
			projectDirPath = "";
			projectRoot = "";
			targets = (
				3D28FD7D2182F2A9004523F9 /* Todo */,
				3D28FD912182F2AB004523F9 /* TodoTests */,
				3D28FD9C2182F2AB004523F9 /* TodoUITests */,
			);
		};
/* End PBXProject section */

/* Begin PBXResourcesBuildPhase section */
		3D28FD7C2182F2A9004523F9 /* Resources */ = {
			isa = PBXResourcesBuildPhase;
			buildActionMask = 2147483647;
			files = (
				3D28FD8C2182F2AB004523F9 /* LaunchScreen.storyboard in Resources */,
				3D28FD892182F2AA004523F9 /* Assets.xcassets in Resources */,
				3D28FD872182F2A9004523F9 /* Main.storyboard in Resources */,
				3DDDB45B2184871D0007D336 /* TodoCell.xib in Resources */,
			);
			runOnlyForDeploymentPostprocessing = 0;
		};
		3D28FD902182F2AB004523F9 /* Resources */ = {
			isa = PBXResourcesBuildPhase;
			buildActionMask = 2147483647;
			files = (
			);
			runOnlyForDeploymentPostprocessing = 0;
		};
		3D28FD9B2182F2AB004523F9 /* Resources */ = {
			isa = PBXResourcesBuildPhase;
			buildActionMask = 2147483647;
			files = (
			);
			runOnlyForDeploymentPostprocessing = 0;
		};
/* End PBXResourcesBuildPhase section */

/* Begin PBXShellScriptBuildPhase section */
		690A9857ACEF73530E8E53C6 /* [CP] Embed Pods Frameworks */ = {
			isa = PBXShellScriptBuildPhase;
			buildActionMask = 2147483647;
			files = (
			);
			inputFileListPaths = (
			);
			inputPaths = (
				"${SRCROOT}/Pods/Target Support Files/Pods-Todo/Pods-Todo-frameworks.sh",
				"${BUILT_PRODUCTS_DIR}/Alamofire/Alamofire.framework",
				"${BUILT_PRODUCTS_DIR}/AlamofireImage/AlamofireImage.framework",
				"${BUILT_PRODUCTS_DIR}/MVICocoa/MVICocoa.framework",
				"${BUILT_PRODUCTS_DIR}/RxCocoa/RxCocoa.framework",
				"${BUILT_PRODUCTS_DIR}/RxSwift/RxSwift.framework",
				"${BUILT_PRODUCTS_DIR}/Swinject/Swinject.framework",
				"${BUILT_PRODUCTS_DIR}/SwinjectStoryboard/SwinjectStoryboard.framework",
			);
			name = "[CP] Embed Pods Frameworks";
			outputFileListPaths = (
			);
			outputPaths = (
				"${TARGET_BUILD_DIR}/${FRAMEWORKS_FOLDER_PATH}/Alamofire.framework",
				"${TARGET_BUILD_DIR}/${FRAMEWORKS_FOLDER_PATH}/AlamofireImage.framework",
				"${TARGET_BUILD_DIR}/${FRAMEWORKS_FOLDER_PATH}/MVICocoa.framework",
				"${TARGET_BUILD_DIR}/${FRAMEWORKS_FOLDER_PATH}/RxCocoa.framework",
				"${TARGET_BUILD_DIR}/${FRAMEWORKS_FOLDER_PATH}/RxSwift.framework",
				"${TARGET_BUILD_DIR}/${FRAMEWORKS_FOLDER_PATH}/Swinject.framework",
				"${TARGET_BUILD_DIR}/${FRAMEWORKS_FOLDER_PATH}/SwinjectStoryboard.framework",
			);
			runOnlyForDeploymentPostprocessing = 0;
			shellPath = /bin/sh;
			shellScript = "\"${SRCROOT}/Pods/Target Support Files/Pods-Todo/Pods-Todo-frameworks.sh\"\n";
			showEnvVarsInLog = 0;
		};
		C615309CC6432DC83B99B7D8 /* [CP] Check Pods Manifest.lock */ = {
			isa = PBXShellScriptBuildPhase;
			buildActionMask = 2147483647;
			files = (
			);
			inputFileListPaths = (
			);
			inputPaths = (
				"${PODS_PODFILE_DIR_PATH}/Podfile.lock",
				"${PODS_ROOT}/Manifest.lock",
			);
			name = "[CP] Check Pods Manifest.lock";
			outputFileListPaths = (
			);
			outputPaths = (
				"$(DERIVED_FILE_DIR)/Pods-TodoTests-checkManifestLockResult.txt",
			);
			runOnlyForDeploymentPostprocessing = 0;
			shellPath = /bin/sh;
			shellScript = "diff \"${PODS_PODFILE_DIR_PATH}/Podfile.lock\" \"${PODS_ROOT}/Manifest.lock\" > /dev/null\nif [ $? != 0 ] ; then\n    # print error to STDERR\n    echo \"error: The sandbox is not in sync with the Podfile.lock. Run 'pod install' or update your CocoaPods installation.\" >&2\n    exit 1\nfi\n# This output is used by Xcode 'outputs' to avoid re-running this script phase.\necho \"SUCCESS\" > \"${SCRIPT_OUTPUT_FILE_0}\"\n";
			showEnvVarsInLog = 0;
		};
		D6176C6C1015005E452E71A1 /* [CP] Check Pods Manifest.lock */ = {
			isa = PBXShellScriptBuildPhase;
			buildActionMask = 2147483647;
			files = (
			);
			inputFileListPaths = (
			);
			inputPaths = (
				"${PODS_PODFILE_DIR_PATH}/Podfile.lock",
				"${PODS_ROOT}/Manifest.lock",
			);
			name = "[CP] Check Pods Manifest.lock";
			outputFileListPaths = (
			);
			outputPaths = (
				"$(DERIVED_FILE_DIR)/Pods-Todo-checkManifestLockResult.txt",
			);
			runOnlyForDeploymentPostprocessing = 0;
			shellPath = /bin/sh;
			shellScript = "diff \"${PODS_PODFILE_DIR_PATH}/Podfile.lock\" \"${PODS_ROOT}/Manifest.lock\" > /dev/null\nif [ $? != 0 ] ; then\n    # print error to STDERR\n    echo \"error: The sandbox is not in sync with the Podfile.lock. Run 'pod install' or update your CocoaPods installation.\" >&2\n    exit 1\nfi\n# This output is used by Xcode 'outputs' to avoid re-running this script phase.\necho \"SUCCESS\" > \"${SCRIPT_OUTPUT_FILE_0}\"\n";
			showEnvVarsInLog = 0;
		};
		DFC3892B26F1050BC05CFA1E /* [CP] Check Pods Manifest.lock */ = {
			isa = PBXShellScriptBuildPhase;
			buildActionMask = 2147483647;
			files = (
			);
			inputFileListPaths = (
			);
			inputPaths = (
				"${PODS_PODFILE_DIR_PATH}/Podfile.lock",
				"${PODS_ROOT}/Manifest.lock",
			);
			name = "[CP] Check Pods Manifest.lock";
			outputFileListPaths = (
			);
			outputPaths = (
				"$(DERIVED_FILE_DIR)/Pods-TodoUITests-checkManifestLockResult.txt",
			);
			runOnlyForDeploymentPostprocessing = 0;
			shellPath = /bin/sh;
			shellScript = "diff \"${PODS_PODFILE_DIR_PATH}/Podfile.lock\" \"${PODS_ROOT}/Manifest.lock\" > /dev/null\nif [ $? != 0 ] ; then\n    # print error to STDERR\n    echo \"error: The sandbox is not in sync with the Podfile.lock. Run 'pod install' or update your CocoaPods installation.\" >&2\n    exit 1\nfi\n# This output is used by Xcode 'outputs' to avoid re-running this script phase.\necho \"SUCCESS\" > \"${SCRIPT_OUTPUT_FILE_0}\"\n";
			showEnvVarsInLog = 0;
		};
/* End PBXShellScriptBuildPhase section */

/* Begin PBXSourcesBuildPhase section */
		3D28FD7A2182F2A9004523F9 /* Sources */ = {
			isa = PBXSourcesBuildPhase;
			buildActionMask = 2147483647;
			files = (
				3DDDB44E21847BF10007D336 /* UpdateIntent.swift in Sources */,
				3DDDB44A218466600007D336 /* LoadIntent.swift in Sources */,
				3DDDB44521845E460007D336 /* CreateIntent.swift in Sources */,
				3DDDB45321847E920007D336 /* DeleteIntent.swift in Sources */,
				3D28FD822182F2A9004523F9 /* AppDelegate.swift in Sources */,
				3DDDB455218480CE0007D336 /* DeleteEvent.swift in Sources */,
				3DDDB448218464100007D336 /* CreateEvent.swift in Sources */,
				3DBE968F2183460000370AA9 /* LocalStorageRepositoryImp.swift in Sources */,
				3DBE967F2183020400370AA9 /* State.swift in Sources */,
				3DDDB44C218467A10007D336 /* LoadEvent.swift in Sources */,
				3DBE96892183140F00370AA9 /* TodoViewController.swift in Sources */,
				3DDDB45E21848BF70007D336 /* UIRadioButton.swift in Sources */,
				3DDDB441218457290007D336 /* FileRepositoryImp.swift in Sources */,
				3DBE967D218301EF00370AA9 /* Todo.swift in Sources */,
				3DBE9685218311AE00370AA9 /* TodoModel.swift in Sources */,
				3DDDB4622184956F0007D336 /* StateChangedEvent.swift in Sources */,
				3DBE96822183118600370AA9 /* TodoViewModel.swift in Sources */,
				3DBE967A2182F7A700370AA9 /* Module.swift in Sources */,
				3DDDB459218486F20007D336 /* TodoCell.swift in Sources */,
				3DBE968D2183454A00370AA9 /* LocalStorageRepository.swift in Sources */,
				3DDDB443218458770007D336 /* Display.swift in Sources */,
				3DDDB45021847D9E0007D336 /* UpateEvent.swift in Sources */,
				3DDDB4602184925F0007D336 /* TodoDataSource.swift in Sources */,
				3DDDB43F218456B60007D336 /* FileRepository.swift in Sources */,
			);
			runOnlyForDeploymentPostprocessing = 0;
		};
		3D28FD8E2182F2AB004523F9 /* Sources */ = {
			isa = PBXSourcesBuildPhase;
			buildActionMask = 2147483647;
			files = (
				3D28FD972182F2AB004523F9 /* TodoTests.swift in Sources */,
			);
			runOnlyForDeploymentPostprocessing = 0;
		};
		3D28FD992182F2AB004523F9 /* Sources */ = {
			isa = PBXSourcesBuildPhase;
			buildActionMask = 2147483647;
			files = (
				3D28FDA22182F2AB004523F9 /* TodoUITests.swift in Sources */,
			);
			runOnlyForDeploymentPostprocessing = 0;
		};
/* End PBXSourcesBuildPhase section */

/* Begin PBXTargetDependency section */
		3D28FD942182F2AB004523F9 /* PBXTargetDependency */ = {
			isa = PBXTargetDependency;
			target = 3D28FD7D2182F2A9004523F9 /* Todo */;
			targetProxy = 3D28FD932182F2AB004523F9 /* PBXContainerItemProxy */;
		};
		3D28FD9F2182F2AB004523F9 /* PBXTargetDependency */ = {
			isa = PBXTargetDependency;
			target = 3D28FD7D2182F2A9004523F9 /* Todo */;
			targetProxy = 3D28FD9E2182F2AB004523F9 /* PBXContainerItemProxy */;
		};
/* End PBXTargetDependency section */

/* Begin PBXVariantGroup section */
		3D28FD852182F2A9004523F9 /* Main.storyboard */ = {
			isa = PBXVariantGroup;
			children = (
				3D28FD862182F2A9004523F9 /* Base */,
			);
			name = Main.storyboard;
			sourceTree = "<group>";
		};
		3D28FD8A2182F2AB004523F9 /* LaunchScreen.storyboard */ = {
			isa = PBXVariantGroup;
			children = (
				3D28FD8B2182F2AB004523F9 /* Base */,
			);
			name = LaunchScreen.storyboard;
			sourceTree = "<group>";
		};
/* End PBXVariantGroup section */

/* Begin XCBuildConfiguration section */
		3D28FDA42182F2AB004523F9 /* Debug */ = {
			isa = XCBuildConfiguration;
			buildSettings = {
				ALWAYS_SEARCH_USER_PATHS = NO;
				CLANG_ANALYZER_NONNULL = YES;
				CLANG_ANALYZER_NUMBER_OBJECT_CONVERSION = YES_AGGRESSIVE;
				CLANG_CXX_LANGUAGE_STANDARD = "gnu++14";
				CLANG_CXX_LIBRARY = "libc++";
				CLANG_ENABLE_MODULES = YES;
				CLANG_ENABLE_OBJC_ARC = YES;
				CLANG_ENABLE_OBJC_WEAK = YES;
				CLANG_WARN_BLOCK_CAPTURE_AUTORELEASING = YES;
				CLANG_WARN_BOOL_CONVERSION = YES;
				CLANG_WARN_COMMA = YES;
				CLANG_WARN_CONSTANT_CONVERSION = YES;
				CLANG_WARN_DEPRECATED_OBJC_IMPLEMENTATIONS = YES;
				CLANG_WARN_DIRECT_OBJC_ISA_USAGE = YES_ERROR;
				CLANG_WARN_DOCUMENTATION_COMMENTS = YES;
				CLANG_WARN_EMPTY_BODY = YES;
				CLANG_WARN_ENUM_CONVERSION = YES;
				CLANG_WARN_INFINITE_RECURSION = YES;
				CLANG_WARN_INT_CONVERSION = YES;
				CLANG_WARN_NON_LITERAL_NULL_CONVERSION = YES;
				CLANG_WARN_OBJC_IMPLICIT_RETAIN_SELF = YES;
				CLANG_WARN_OBJC_LITERAL_CONVERSION = YES;
				CLANG_WARN_OBJC_ROOT_CLASS = YES_ERROR;
				CLANG_WARN_RANGE_LOOP_ANALYSIS = YES;
				CLANG_WARN_STRICT_PROTOTYPES = YES;
				CLANG_WARN_SUSPICIOUS_MOVE = YES;
				CLANG_WARN_UNGUARDED_AVAILABILITY = YES_AGGRESSIVE;
				CLANG_WARN_UNREACHABLE_CODE = YES;
				CLANG_WARN__DUPLICATE_METHOD_MATCH = YES;
				CODE_SIGN_IDENTITY = "iPhone Developer";
				COPY_PHASE_STRIP = NO;
				DEBUG_INFORMATION_FORMAT = dwarf;
				ENABLE_STRICT_OBJC_MSGSEND = YES;
				ENABLE_TESTABILITY = YES;
				GCC_C_LANGUAGE_STANDARD = gnu11;
				GCC_DYNAMIC_NO_PIC = NO;
				GCC_NO_COMMON_BLOCKS = YES;
				GCC_OPTIMIZATION_LEVEL = 0;
				GCC_PREPROCESSOR_DEFINITIONS = (
					"DEBUG=1",
					"$(inherited)",
				);
				GCC_WARN_64_TO_32_BIT_CONVERSION = YES;
				GCC_WARN_ABOUT_RETURN_TYPE = YES_ERROR;
				GCC_WARN_UNDECLARED_SELECTOR = YES;
				GCC_WARN_UNINITIALIZED_AUTOS = YES_AGGRESSIVE;
				GCC_WARN_UNUSED_FUNCTION = YES;
				GCC_WARN_UNUSED_VARIABLE = YES;
				IPHONEOS_DEPLOYMENT_TARGET = 12.0;
				MTL_ENABLE_DEBUG_INFO = INCLUDE_SOURCE;
				MTL_FAST_MATH = YES;
				ONLY_ACTIVE_ARCH = YES;
				SDKROOT = iphoneos;
				SWIFT_ACTIVE_COMPILATION_CONDITIONS = DEBUG;
				SWIFT_OPTIMIZATION_LEVEL = "-Onone";
			};
			name = Debug;
		};
		3D28FDA52182F2AB004523F9 /* Release */ = {
			isa = XCBuildConfiguration;
			buildSettings = {
				ALWAYS_SEARCH_USER_PATHS = NO;
				CLANG_ANALYZER_NONNULL = YES;
				CLANG_ANALYZER_NUMBER_OBJECT_CONVERSION = YES_AGGRESSIVE;
				CLANG_CXX_LANGUAGE_STANDARD = "gnu++14";
				CLANG_CXX_LIBRARY = "libc++";
				CLANG_ENABLE_MODULES = YES;
				CLANG_ENABLE_OBJC_ARC = YES;
				CLANG_ENABLE_OBJC_WEAK = YES;
				CLANG_WARN_BLOCK_CAPTURE_AUTORELEASING = YES;
				CLANG_WARN_BOOL_CONVERSION = YES;
				CLANG_WARN_COMMA = YES;
				CLANG_WARN_CONSTANT_CONVERSION = YES;
				CLANG_WARN_DEPRECATED_OBJC_IMPLEMENTATIONS = YES;
				CLANG_WARN_DIRECT_OBJC_ISA_USAGE = YES_ERROR;
				CLANG_WARN_DOCUMENTATION_COMMENTS = YES;
				CLANG_WARN_EMPTY_BODY = YES;
				CLANG_WARN_ENUM_CONVERSION = YES;
				CLANG_WARN_INFINITE_RECURSION = YES;
				CLANG_WARN_INT_CONVERSION = YES;
				CLANG_WARN_NON_LITERAL_NULL_CONVERSION = YES;
				CLANG_WARN_OBJC_IMPLICIT_RETAIN_SELF = YES;
				CLANG_WARN_OBJC_LITERAL_CONVERSION = YES;
				CLANG_WARN_OBJC_ROOT_CLASS = YES_ERROR;
				CLANG_WARN_RANGE_LOOP_ANALYSIS = YES;
				CLANG_WARN_STRICT_PROTOTYPES = YES;
				CLANG_WARN_SUSPICIOUS_MOVE = YES;
				CLANG_WARN_UNGUARDED_AVAILABILITY = YES_AGGRESSIVE;
				CLANG_WARN_UNREACHABLE_CODE = YES;
				CLANG_WARN__DUPLICATE_METHOD_MATCH = YES;
				CODE_SIGN_IDENTITY = "iPhone Developer";
				COPY_PHASE_STRIP = NO;
				DEBUG_INFORMATION_FORMAT = "dwarf-with-dsym";
				ENABLE_NS_ASSERTIONS = NO;
				ENABLE_STRICT_OBJC_MSGSEND = YES;
				GCC_C_LANGUAGE_STANDARD = gnu11;
				GCC_NO_COMMON_BLOCKS = YES;
				GCC_WARN_64_TO_32_BIT_CONVERSION = YES;
				GCC_WARN_ABOUT_RETURN_TYPE = YES_ERROR;
				GCC_WARN_UNDECLARED_SELECTOR = YES;
				GCC_WARN_UNINITIALIZED_AUTOS = YES_AGGRESSIVE;
				GCC_WARN_UNUSED_FUNCTION = YES;
				GCC_WARN_UNUSED_VARIABLE = YES;
				IPHONEOS_DEPLOYMENT_TARGET = 12.0;
				MTL_ENABLE_DEBUG_INFO = NO;
				MTL_FAST_MATH = YES;
				SDKROOT = iphoneos;
				SWIFT_COMPILATION_MODE = wholemodule;
				SWIFT_OPTIMIZATION_LEVEL = "-O";
				VALIDATE_PRODUCT = YES;
			};
			name = Release;
		};
		3D28FDA72182F2AB004523F9 /* Debug */ = {
			isa = XCBuildConfiguration;
			baseConfigurationReference = 68714BDDA778F73875D3E60F /* Pods-Todo.debug.xcconfig */;
			buildSettings = {
				ASSETCATALOG_COMPILER_APPICON_NAME = AppIcon;
				CODE_SIGN_STYLE = Automatic;
				INFOPLIST_FILE = Todo/Info.plist;
				LD_RUNPATH_SEARCH_PATHS = (
					"$(inherited)",
					"@executable_path/Frameworks",
				);
				PRODUCT_BUNDLE_IDENTIFIER = org.fs.Todo;
				PRODUCT_NAME = "$(TARGET_NAME)";
				SWIFT_VERSION = 4.2;
				TARGETED_DEVICE_FAMILY = "1,2";
			};
			name = Debug;
		};
		3D28FDA82182F2AB004523F9 /* Release */ = {
			isa = XCBuildConfiguration;
			baseConfigurationReference = 64C6221BDD701D11A6876969 /* Pods-Todo.release.xcconfig */;
			buildSettings = {
				ASSETCATALOG_COMPILER_APPICON_NAME = AppIcon;
				CODE_SIGN_STYLE = Automatic;
				INFOPLIST_FILE = Todo/Info.plist;
				LD_RUNPATH_SEARCH_PATHS = (
					"$(inherited)",
					"@executable_path/Frameworks",
				);
				PRODUCT_BUNDLE_IDENTIFIER = org.fs.Todo;
				PRODUCT_NAME = "$(TARGET_NAME)";
				SWIFT_VERSION = 4.2;
				TARGETED_DEVICE_FAMILY = "1,2";
			};
			name = Release;
		};
		3D28FDAA2182F2AB004523F9 /* Debug */ = {
			isa = XCBuildConfiguration;
			baseConfigurationReference = 7C6447762725446C6055119E /* Pods-TodoTests.debug.xcconfig */;
			buildSettings = {
				ALWAYS_EMBED_SWIFT_STANDARD_LIBRARIES = YES;
				BUNDLE_LOADER = "$(TEST_HOST)";
				CODE_SIGN_STYLE = Automatic;
				INFOPLIST_FILE = TodoTests/Info.plist;
				LD_RUNPATH_SEARCH_PATHS = (
					"$(inherited)",
					"@executable_path/Frameworks",
					"@loader_path/Frameworks",
				);
				PRODUCT_BUNDLE_IDENTIFIER = org.fs.TodoTests;
				PRODUCT_NAME = "$(TARGET_NAME)";
				SWIFT_VERSION = 4.2;
				TARGETED_DEVICE_FAMILY = "1,2";
				TEST_HOST = "$(BUILT_PRODUCTS_DIR)/Todo.app/Todo";
			};
			name = Debug;
		};
		3D28FDAB2182F2AB004523F9 /* Release */ = {
			isa = XCBuildConfiguration;
			baseConfigurationReference = FE0BB907C142B9F519EE6B96 /* Pods-TodoTests.release.xcconfig */;
			buildSettings = {
				ALWAYS_EMBED_SWIFT_STANDARD_LIBRARIES = YES;
				BUNDLE_LOADER = "$(TEST_HOST)";
				CODE_SIGN_STYLE = Automatic;
				INFOPLIST_FILE = TodoTests/Info.plist;
				LD_RUNPATH_SEARCH_PATHS = (
					"$(inherited)",
					"@executable_path/Frameworks",
					"@loader_path/Frameworks",
				);
				PRODUCT_BUNDLE_IDENTIFIER = org.fs.TodoTests;
				PRODUCT_NAME = "$(TARGET_NAME)";
				SWIFT_VERSION = 4.2;
				TARGETED_DEVICE_FAMILY = "1,2";
				TEST_HOST = "$(BUILT_PRODUCTS_DIR)/Todo.app/Todo";
			};
			name = Release;
		};
		3D28FDAD2182F2AB004523F9 /* Debug */ = {
			isa = XCBuildConfiguration;
			baseConfigurationReference = BFDD9085F9EB51C91F3393B2 /* Pods-TodoUITests.debug.xcconfig */;
			buildSettings = {
				ALWAYS_EMBED_SWIFT_STANDARD_LIBRARIES = YES;
				CODE_SIGN_STYLE = Automatic;
				INFOPLIST_FILE = TodoUITests/Info.plist;
				LD_RUNPATH_SEARCH_PATHS = (
					"$(inherited)",
					"@executable_path/Frameworks",
					"@loader_path/Frameworks",
				);
				PRODUCT_BUNDLE_IDENTIFIER = org.fs.TodoUITests;
				PRODUCT_NAME = "$(TARGET_NAME)";
				SWIFT_VERSION = 4.2;
				TARGETED_DEVICE_FAMILY = "1,2";
				TEST_TARGET_NAME = Todo;
			};
			name = Debug;
		};
		3D28FDAE2182F2AB004523F9 /* Release */ = {
			isa = XCBuildConfiguration;
			baseConfigurationReference = 0656FC07EE5E02557B59A930 /* Pods-TodoUITests.release.xcconfig */;
			buildSettings = {
				ALWAYS_EMBED_SWIFT_STANDARD_LIBRARIES = YES;
				CODE_SIGN_STYLE = Automatic;
				INFOPLIST_FILE = TodoUITests/Info.plist;
				LD_RUNPATH_SEARCH_PATHS = (
					"$(inherited)",
					"@executable_path/Frameworks",
					"@loader_path/Frameworks",
				);
				PRODUCT_BUNDLE_IDENTIFIER = org.fs.TodoUITests;
				PRODUCT_NAME = "$(TARGET_NAME)";
				SWIFT_VERSION = 4.2;
				TARGETED_DEVICE_FAMILY = "1,2";
				TEST_TARGET_NAME = Todo;
			};
			name = Release;
		};
/* End XCBuildConfiguration section */

/* Begin XCConfigurationList section */
		3D28FD792182F2A9004523F9 /* Build configuration list for PBXProject "Todo" */ = {
			isa = XCConfigurationList;
			buildConfigurations = (
				3D28FDA42182F2AB004523F9 /* Debug */,
				3D28FDA52182F2AB004523F9 /* Release */,
			);
			defaultConfigurationIsVisible = 0;
			defaultConfigurationName = Release;
		};
		3D28FDA62182F2AB004523F9 /* Build configuration list for PBXNativeTarget "Todo" */ = {
			isa = XCConfigurationList;
			buildConfigurations = (
				3D28FDA72182F2AB004523F9 /* Debug */,
				3D28FDA82182F2AB004523F9 /* Release */,
			);
			defaultConfigurationIsVisible = 0;
			defaultConfigurationName = Release;
		};
		3D28FDA92182F2AB004523F9 /* Build configuration list for PBXNativeTarget "TodoTests" */ = {
			isa = XCConfigurationList;
			buildConfigurations = (
				3D28FDAA2182F2AB004523F9 /* Debug */,
				3D28FDAB2182F2AB004523F9 /* Release */,
			);
			defaultConfigurationIsVisible = 0;
			defaultConfigurationName = Release;
		};
		3D28FDAC2182F2AB004523F9 /* Build configuration list for PBXNativeTarget "TodoUITests" */ = {
			isa = XCConfigurationList;
			buildConfigurations = (
				3D28FDAD2182F2AB004523F9 /* Debug */,
				3D28FDAE2182F2AB004523F9 /* Release */,
			);
			defaultConfigurationIsVisible = 0;
			defaultConfigurationName = Release;
		};
/* End XCConfigurationList section */
	};
	rootObject = 3D28FD762182F2A9004523F9 /* Project object */;
}
